
Microsoft Visual Studio Solution File, Format Version 11.00
# Visual Studio 2010
Project("{FAE04EC0-301F-11D3-BF4B-00C04F79EFBC}") = "StringMaths", "StringMaths\StringMaths.csproj", "{5AA54B30-6C58-4F8F-8956-FBF2F77DE971}"
EndProject
Project("{FAE04EC0-301F-11D3-BF4B-00C04F79EFBC}") = "StringMaths.Tests", "StringMaths.Tests\StringMaths.Tests.csproj", "{AC41D103-1521-4950-A017-C6F2828DA71D}"
EndProject
Global
	GlobalSection(SolutionConfigurationPlatforms) = preSolution
		Debug|Any CPU = Debug|Any CPU
		Release|Any CPU = Release|Any CPU
	EndGlobalSection
	GlobalSection(ProjectConfigurationPlatforms) = postSolution
		{5AA54B30-6C58-4F8F-8956-FBF2F77DE971}.Debug|Any CPU.ActiveCfg = Debug|Any CPU
		{5AA54B30-6C58-4F8F-8956-FBF2F77DE971}.Debug|Any CPU.Build.0 = Debug|Any CPU
		{5AA54B30-6C58-4F8F-8956-FBF2F77DE971}.Release|Any CPU.ActiveCfg = Release|Any CPU
		{5AA54B30-6C58-4F8F-8956-FBF2F77DE971}.Release|Any CPU.Build.0 = Release|Any CPU
		{AC41D103-1521-4950-A017-C6F2828DA71D}.Debug|Any CPU.ActiveCfg = Debug|Any CPU
		{AC41D103-1521-4950-A017-C6F2828DA71D}.Debug|Any CPU.Build.0 = Debug|Any CPU
		{AC41D103-1521-4950-A017-C6F2828DA71D}.Release|Any CPU.ActiveCfg = Release|Any CPU
		{AC41D103-1521-4950-A017-C6F2828DA71D}.Release|Any CPU.Build.0 = Release|Any CPU
	EndGlobalSection
	GlobalSection(SolutionProperties) = preSolution
		HideSolutionNode = FALSE
	EndGlobalSection
EndGlobal
